
Microsoft Visual Studio Solution File, Format Version 12.00
# Visual Studio Version 16
VisualStudioVersion = 16.0.30611.23
MinimumVisualStudioVersion = 10.0.40219.1
Project("{FAE04EC0-301F-11D3-BF4B-00C04F79EFBC}") = "Vista", "Vista\Vista.csproj", "{9C17BFDA-3787-4D15-91A2-12D2AC5589A9}"
EndProject
Project("{FAE04EC0-301F-11D3-BF4B-00C04F79EFBC}") = "Modelo", "Modelo\Modelo.csproj", "{99C09E60-423A-4AAA-916B-1E27DC5DC11A}"
EndProject
Project("{FAE04EC0-301F-11D3-BF4B-00C04F79EFBC}") = "Controlador", "Controlador\Controlador.csproj", "{D3789DF5-2476-4F64-B27E-B14ABE72BE22}"
EndProject
Global
	GlobalSection(SolutionConfigurationPlatforms) = preSolution
		Debug|Any CPU = Debug|Any CPU
		Release|Any CPU = Release|Any CPU
	EndGlobalSection
	GlobalSection(ProjectConfigurationPlatforms) = postSolution
		{9C17BFDA-3787-4D15-91A2-12D2AC5589A9}.Debug|Any CPU.ActiveCfg = Debug|Any CPU
		{9C17BFDA-3787-4D15-91A2-12D2AC5589A9}.Debug|Any CPU.Build.0 = Debug|Any CPU
		{9C17BFDA-3787-4D15-91A2-12D2AC5589A9}.Release|Any CPU.ActiveCfg = Release|Any CPU
		{9C17BFDA-3787-4D15-91A2-12D2AC5589A9}.Release|Any CPU.Build.0 = Release|Any CPU
		{99C09E60-423A-4AAA-916B-1E27DC5DC11A}.Debug|Any CPU.ActiveCfg = Debug|Any CPU
		{99C09E60-423A-4AAA-916B-1E27DC5DC11A}.Debug|Any CPU.Build.0 = Debug|Any CPU
		{99C09E60-423A-4AAA-916B-1E27DC5DC11A}.Release|Any CPU.ActiveCfg = Release|Any CPU
		{99C09E60-423A-4AAA-916B-1E27DC5DC11A}.Release|Any CPU.Build.0 = Release|Any CPU
		{D3789DF5-2476-4F64-B27E-B14ABE72BE22}.Debug|Any CPU.ActiveCfg = Debug|Any CPU
		{D3789DF5-2476-4F64-B27E-B14ABE72BE22}.Debug|Any CPU.Build.0 = Debug|Any CPU
		{D3789DF5-2476-4F64-B27E-B14ABE72BE22}.Release|Any CPU.ActiveCfg = Release|Any CPU
		{D3789DF5-2476-4F64-B27E-B14ABE72BE22}.Release|Any CPU.Build.0 = Release|Any CPU
	EndGlobalSection
	GlobalSection(SolutionProperties) = preSolution
		HideSolutionNode = FALSE
	EndGlobalSection
	GlobalSection(ExtensibilityGlobals) = postSolution
		SolutionGuid = {5AB36D11-D554-4BBD-A116-E375DC74D8C5}
	EndGlobalSection
EndGlobal
